
Microsoft Visual Studio Solution File, Format Version 12.00
# Visual Studio Version 16
VisualStudioVersion = 16.0.31702.278
MinimumVisualStudioVersion = 10.0.40219.1
Project("{FAE04EC0-301F-11D3-BF4B-00C04F79EFBC}") = "GateSim", "GateSim\GateSim.csproj", "{C01A4C86-9482-4749-96C1-862778FDC0CF}"
EndProject
Global
	GlobalSection(SolutionConfigurationPlatforms) = preSolution
		Debug|Any CPU = Debug|Any CPU
		Release|Any CPU = Release|Any CPU
	EndGlobalSection
	GlobalSection(ProjectConfigurationPlatforms) = postSolution
		{C01A4C86-9482-4749-96C1-862778FDC0CF}.Debug|Any CPU.ActiveCfg = Debug|Any CPU
		{C01A4C86-9482-4749-96C1-862778FDC0CF}.Debug|Any CPU.Build.0 = Debug|Any CPU
		{C01A4C86-9482-4749-96C1-862778FDC0CF}.Release|Any CPU.ActiveCfg = Release|Any CPU
		{C01A4C86-9482-4749-96C1-862778FDC0CF}.Release|Any CPU.Build.0 = Release|Any CPU
	EndGlobalSection
	GlobalSection(SolutionProperties) = preSolution
		HideSolutionNode = FALSE
	EndGlobalSection
	GlobalSection(ExtensibilityGlobals) = postSolution
		SolutionGuid = {CD931E97-6F63-444A-B2E2-5627EE8EA9C4}
	EndGlobalSection
EndGlobal
